
Microsoft Visual Studio Solution File, Format Version 12.00
# Visual Studio Version 17
VisualStudioVersion = 17.0.32014.148
MinimumVisualStudioVersion = 10.0.40219.1
Project("{9A19103F-16F7-4668-BE54-9A1E7A4F7556}") = "CSharpProgramming", "CSharpProgramming.csproj", "{FAE1B28C-C45F-4161-839E-CA98030DE14E}"
EndProject
Project("{FAE04EC0-301F-11D3-BF4B-00C04F79EFBC}") = "InternalPublicDemo", "..\InternalPublicDemo\InternalPublicDemo.csproj", "{02988E4C-2D7F-4AB2-B905-0C15A83BA819}"
EndProject
Global
	GlobalSection(SolutionConfigurationPlatforms) = preSolution
		Debug|Any CPU = Debug|Any CPU
		Release|Any CPU = Release|Any CPU
	EndGlobalSection
	GlobalSection(ProjectConfigurationPlatforms) = postSolution
		{FAE1B28C-C45F-4161-839E-CA98030DE14E}.Debug|Any CPU.ActiveCfg = Debug|Any CPU
		{FAE1B28C-C45F-4161-839E-CA98030DE14E}.Debug|Any CPU.Build.0 = Debug|Any CPU
		{FAE1B28C-C45F-4161-839E-CA98030DE14E}.Release|Any CPU.ActiveCfg = Release|Any CPU
		{FAE1B28C-C45F-4161-839E-CA98030DE14E}.Release|Any CPU.Build.0 = Release|Any CPU
		{02988E4C-2D7F-4AB2-B905-0C15A83BA819}.Debug|Any CPU.ActiveCfg = Debug|Any CPU
		{02988E4C-2D7F-4AB2-B905-0C15A83BA819}.Debug|Any CPU.Build.0 = Debug|Any CPU
		{02988E4C-2D7F-4AB2-B905-0C15A83BA819}.Release|Any CPU.ActiveCfg = Release|Any CPU
		{02988E4C-2D7F-4AB2-B905-0C15A83BA819}.Release|Any CPU.Build.0 = Release|Any CPU
	EndGlobalSection
	GlobalSection(SolutionProperties) = preSolution
		HideSolutionNode = FALSE
	EndGlobalSection
	GlobalSection(ExtensibilityGlobals) = postSolution
		SolutionGuid = {45E21487-0275-434F-806A-C38367A913D8}
	EndGlobalSection
EndGlobal
